# This file is generated by running "yarn install" inside your project.
# Manual changes might be lost - proceed with caution!

__metadata:
  version: 6
  cacheKey: 8

"@rescript/core@npm:^0.6.0":
  version: 0.6.0
  resolution: "@rescript/core@npm:0.6.0"
  peerDependencies:
    rescript: "*"
  checksum: 6891516b1111b9e56c1b6e1c9bda9c99eea1e4125bd57d914f7130a702ff3cb8effe4ad6dab98cf0186d50d71e2e232c12a45187e139e99a4e3be3265666e35f
  languageName: node
  linkType: hard

"@retypes/dayjs@workspace:types/dayjs":
  version: 0.0.0-use.local
  resolution: "@retypes/dayjs@workspace:types/dayjs"
  dependencies:
    "@rescript/core": ^0.6.0
    rescript: 11.1.1
  peerDependencies:
    dayjs: ^1.10.4
  languageName: unknown
  linkType: soft

"rescript-types@workspace:.":
  version: 0.0.0-use.local
  resolution: "rescript-types@workspace:."
  languageName: unknown
  linkType: soft

"rescript@npm:11.1.1":
  version: 11.1.1
  resolution: "rescript@npm:11.1.1"
  bin:
    bsc: bsc
    bstracing: lib/bstracing
    rescript: rescript
  checksum: 7c93d3bfab75404dbcf5bcacef8a228f8b403265d335688e0ea967c4eb4c54dcd73cda220c33f6957860062832e21d0fe0609c4bddc39adb1b22f402869d7dc6
  languageName: node
  linkType: hard
